
Microsoft Visual Studio Solution File, Format Version 12.00
# Visual Studio Version 17
VisualStudioVersion = 17.0.31903.59
MinimumVisualStudioVersion = 10.0.40219.1
Project("{9A19103F-16F7-4668-BE54-9A1E7A4F7556}") = "PayrollService.Api", "src\PayrollService.Api\PayrollService.Api.csproj", "{A1B2C3D4-E5F6-7890-ABCD-EF1234567890}"
EndProject
Project("{9A19103F-16F7-4668-BE54-9A1E7A4F7556}") = "PayrollService.Domain", "src\PayrollService.Domain\PayrollService.Domain.csproj", "{B2C3D4E5-F6A7-8901-BCDE-F12345678901}"
EndProject
Project("{9A19103F-16F7-4668-BE54-9A1E7A4F7556}") = "PayrollService.Application", "src\PayrollService.Application\PayrollService.Application.csproj", "{C3D4E5F6-A7B8-9012-CDEF-123456789012}"
EndProject
Project("{9A19103F-16F7-4668-BE54-9A1E7A4F7556}") = "PayrollService.Infrastructure", "src\PayrollService.Infrastructure\PayrollService.Infrastructure.csproj", "{D4E5F6A7-B8C9-0123-DEFA-234567890123}"
EndProject
Project("{9A19103F-16F7-4668-BE54-9A1E7A4F7556}") = "ListenerApi", "src\ListenerApi\ListenerApi.csproj", "{E5F6A7B8-C9D0-1234-EFAB-345678901234}"
EndProject
Project("{9A19103F-16F7-4668-BE54-9A1E7A4F7556}") = "ListenerApi.Data", "src\ListenerApi.Data\ListenerApi.Data.csproj", "{F6A7B8C9-D0E1-2345-FABC-456789012345}"
EndProject
Project("{2150E333-8FDC-42A3-9474-1A3956D46DE8}") = "Solution Items", "Solution Items", "{B4102A3C-C719-4EF7-B5D0-ECEC96480B3B}"
	ProjectSection(SolutionItems) = preProject
		.gitattributes = .gitattributes
		.gitignore = .gitignore
		Instructions.md = Instructions.md
		README.md = README.md
	EndProjectSection
EndProject
Project("{2150E333-8FDC-42A3-9474-1A3956D46DE8}") = "tests", "tests", "{0AB3BF05-4346-4AA6-1389-037BE0695223}"
EndProject
Project("{FAE04EC0-301F-11D3-BF4B-00C04F79EFBC}") = "PayrollService.IntegrationTests", "tests\PayrollService.IntegrationTests\PayrollService.IntegrationTests.csproj", "{2E1BECDE-0397-42C3-AE7D-CFA09E1EB104}"
EndProject
Project("{FAE04EC0-301F-11D3-BF4B-00C04F79EFBC}") = "PayrollService.UnitTests", "tests\PayrollService.UnitTests\PayrollService.UnitTests.csproj", "{29A981BC-697D-4120-A955-A89CB064CD60}"
EndProject
Project("{2150E333-8FDC-42A3-9474-1A3956D46DE8}") = "src", "src", "{827E0CD3-B72D-47B6-A68D-7590B98EB39B}"
EndProject
Project("{FAE04EC0-301F-11D3-BF4B-00C04F79EFBC}") = "TransferService.Domain", "src\TransferService.Domain\TransferService.Domain.csproj", "{003B323A-6855-4534-A696-5C9E6893799D}"
EndProject
Project("{FAE04EC0-301F-11D3-BF4B-00C04F79EFBC}") = "TransferService.Application", "src\TransferService.Application\TransferService.Application.csproj", "{511D8BD0-AFC4-46F4-A351-4CB244A5EB46}"
EndProject
Project("{FAE04EC0-301F-11D3-BF4B-00C04F79EFBC}") = "TransferService.Infrastructure", "src\TransferService.Infrastructure\TransferService.Infrastructure.csproj", "{989AFAFF-40E3-41F2-ADF2-F011B1EBA7D9}"
EndProject
Project("{FAE04EC0-301F-11D3-BF4B-00C04F79EFBC}") = "TransferService.Api", "src\TransferService.Api\TransferService.Api.csproj", "{37FF6D97-9069-4578-A510-84EC8AEE1375}"
EndProject
Project("{FAE04EC0-301F-11D3-BF4B-00C04F79EFBC}") = "TransferService.UnitTests", "tests\TransferService.UnitTests\TransferService.UnitTests.csproj", "{EE8A50E3-9CFC-473D-84BD-FE258E0F7F02}"
EndProject
Project("{FAE04EC0-301F-11D3-BF4B-00C04F79EFBC}") = "PayrollService.DatabaseTests", "tests\PayrollService.DatabaseTests\PayrollService.DatabaseTests.csproj", "{5486F7C3-181D-4BD1-96B1-812B1ABE5F64}"
EndProject
Project("{FAE04EC0-301F-11D3-BF4B-00C04F79EFBC}") = "TransferService.DatabaseTests", "tests\TransferService.DatabaseTests\TransferService.DatabaseTests.csproj", "{5DAB1616-26F7-49D8-91F8-3AB393B73D29}"
EndProject
Global
	GlobalSection(SolutionConfigurationPlatforms) = preSolution
		Debug|Any CPU = Debug|Any CPU
		Debug|x64 = Debug|x64
		Debug|x86 = Debug|x86
		Release|Any CPU = Release|Any CPU
		Release|x64 = Release|x64
		Release|x86 = Release|x86
	EndGlobalSection
	GlobalSection(ProjectConfigurationPlatforms) = postSolution
		{A1B2C3D4-E5F6-7890-ABCD-EF1234567890}.Debug|Any CPU.ActiveCfg = Debug|Any CPU
		{A1B2C3D4-E5F6-7890-ABCD-EF1234567890}.Debug|Any CPU.Build.0 = Debug|Any CPU
		{A1B2C3D4-E5F6-7890-ABCD-EF1234567890}.Debug|x64.ActiveCfg = Debug|Any CPU
		{A1B2C3D4-E5F6-7890-ABCD-EF1234567890}.Debug|x64.Build.0 = Debug|Any CPU
		{A1B2C3D4-E5F6-7890-ABCD-EF1234567890}.Debug|x86.ActiveCfg = Debug|Any CPU
		{A1B2C3D4-E5F6-7890-ABCD-EF1234567890}.Debug|x86.Build.0 = Debug|Any CPU
		{A1B2C3D4-E5F6-7890-ABCD-EF1234567890}.Release|Any CPU.ActiveCfg = Release|Any CPU
		{A1B2C3D4-E5F6-7890-ABCD-EF1234567890}.Release|Any CPU.Build.0 = Release|Any CPU
		{A1B2C3D4-E5F6-7890-ABCD-EF1234567890}.Release|x64.ActiveCfg = Release|Any CPU
		{A1B2C3D4-E5F6-7890-ABCD-EF1234567890}.Release|x64.Build.0 = Release|Any CPU
		{A1B2C3D4-E5F6-7890-ABCD-EF1234567890}.Release|x86.ActiveCfg = Release|Any CPU
		{A1B2C3D4-E5F6-7890-ABCD-EF1234567890}.Release|x86.Build.0 = Release|Any CPU
		{B2C3D4E5-F6A7-8901-BCDE-F12345678901}.Debug|Any CPU.ActiveCfg = Debug|Any CPU
		{B2C3D4E5-F6A7-8901-BCDE-F12345678901}.Debug|Any CPU.Build.0 = Debug|Any CPU
		{B2C3D4E5-F6A7-8901-BCDE-F12345678901}.Debug|x64.ActiveCfg = Debug|Any CPU
		{B2C3D4E5-F6A7-8901-BCDE-F12345678901}.Debug|x64.Build.0 = Debug|Any CPU
		{B2C3D4E5-F6A7-8901-BCDE-F12345678901}.Debug|x86.ActiveCfg = Debug|Any CPU
		{B2C3D4E5-F6A7-8901-BCDE-F12345678901}.Debug|x86.Build.0 = Debug|Any CPU
		{B2C3D4E5-F6A7-8901-BCDE-F12345678901}.Release|Any CPU.ActiveCfg = Release|Any CPU
		{B2C3D4E5-F6A7-8901-BCDE-F12345678901}.Release|Any CPU.Build.0 = Release|Any CPU
		{B2C3D4E5-F6A7-8901-BCDE-F12345678901}.Release|x64.ActiveCfg = Release|Any CPU
		{B2C3D4E5-F6A7-8901-BCDE-F12345678901}.Release|x64.Build.0 = Release|Any CPU
		{B2C3D4E5-F6A7-8901-BCDE-F12345678901}.Release|x86.ActiveCfg = Release|Any CPU
		{B2C3D4E5-F6A7-8901-BCDE-F12345678901}.Release|x86.Build.0 = Release|Any CPU
		{C3D4E5F6-A7B8-9012-CDEF-123456789012}.Debug|Any CPU.ActiveCfg = Debug|Any CPU
		{C3D4E5F6-A7B8-9012-CDEF-123456789012}.Debug|Any CPU.Build.0 = Debug|Any CPU
		{C3D4E5F6-A7B8-9012-CDEF-123456789012}.Debug|x64.ActiveCfg = Debug|Any CPU
		{C3D4E5F6-A7B8-9012-CDEF-123456789012}.Debug|x64.Build.0 = Debug|Any CPU
		{C3D4E5F6-A7B8-9012-CDEF-123456789012}.Debug|x86.ActiveCfg = Debug|Any CPU
		{C3D4E5F6-A7B8-9012-CDEF-123456789012}.Debug|x86.Build.0 = Debug|Any CPU
		{C3D4E5F6-A7B8-9012-CDEF-123456789012}.Release|Any CPU.ActiveCfg = Release|Any CPU
		{C3D4E5F6-A7B8-9012-CDEF-123456789012}.Release|Any CPU.Build.0 = Release|Any CPU
		{C3D4E5F6-A7B8-9012-CDEF-123456789012}.Release|x64.ActiveCfg = Release|Any CPU
		{C3D4E5F6-A7B8-9012-CDEF-123456789012}.Release|x64.Build.0 = Release|Any CPU
		{C3D4E5F6-A7B8-9012-CDEF-123456789012}.Release|x86.ActiveCfg = Release|Any CPU
		{C3D4E5F6-A7B8-9012-CDEF-123456789012}.Release|x86.Build.0 = Release|Any CPU
		{D4E5F6A7-B8C9-0123-DEFA-234567890123}.Debug|Any CPU.ActiveCfg = Debug|Any CPU
		{D4E5F6A7-B8C9-0123-DEFA-234567890123}.Debug|Any CPU.Build.0 = Debug|Any CPU
		{D4E5F6A7-B8C9-0123-DEFA-234567890123}.Debug|x64.ActiveCfg = Debug|Any CPU
		{D4E5F6A7-B8C9-0123-DEFA-234567890123}.Debug|x64.Build.0 = Debug|Any CPU
		{D4E5F6A7-B8C9-0123-DEFA-234567890123}.Debug|x86.ActiveCfg = Debug|Any CPU
		{D4E5F6A7-B8C9-0123-DEFA-234567890123}.Debug|x86.Build.0 = Debug|Any CPU
		{D4E5F6A7-B8C9-0123-DEFA-234567890123}.Release|Any CPU.ActiveCfg = Release|Any CPU
		{D4E5F6A7-B8C9-0123-DEFA-234567890123}.Release|Any CPU.Build.0 = Release|Any CPU
		{D4E5F6A7-B8C9-0123-DEFA-234567890123}.Release|x64.ActiveCfg = Release|Any CPU
		{D4E5F6A7-B8C9-0123-DEFA-234567890123}.Release|x64.Build.0 = Release|Any CPU
		{D4E5F6A7-B8C9-0123-DEFA-234567890123}.Release|x86.ActiveCfg = Release|Any CPU
		{D4E5F6A7-B8C9-0123-DEFA-234567890123}.Release|x86.Build.0 = Release|Any CPU
		{E5F6A7B8-C9D0-1234-EFAB-345678901234}.Debug|Any CPU.ActiveCfg = Debug|Any CPU
		{E5F6A7B8-C9D0-1234-EFAB-345678901234}.Debug|Any CPU.Build.0 = Debug|Any CPU
		{E5F6A7B8-C9D0-1234-EFAB-345678901234}.Debug|x64.ActiveCfg = Debug|Any CPU
		{E5F6A7B8-C9D0-1234-EFAB-345678901234}.Debug|x64.Build.0 = Debug|Any CPU
		{E5F6A7B8-C9D0-1234-EFAB-345678901234}.Debug|x86.ActiveCfg = Debug|Any CPU
		{E5F6A7B8-C9D0-1234-EFAB-345678901234}.Debug|x86.Build.0 = Debug|Any CPU
		{E5F6A7B8-C9D0-1234-EFAB-345678901234}.Release|Any CPU.ActiveCfg = Release|Any CPU
		{E5F6A7B8-C9D0-1234-EFAB-345678901234}.Release|Any CPU.Build.0 = Release|Any CPU
		{E5F6A7B8-C9D0-1234-EFAB-345678901234}.Release|x64.ActiveCfg = Release|Any CPU
		{E5F6A7B8-C9D0-1234-EFAB-345678901234}.Release|x64.Build.0 = Release|Any CPU
		{E5F6A7B8-C9D0-1234-EFAB-345678901234}.Release|x86.ActiveCfg = Release|Any CPU
		{E5F6A7B8-C9D0-1234-EFAB-345678901234}.Release|x86.Build.0 = Release|Any CPU
		{F6A7B8C9-D0E1-2345-FABC-456789012345}.Debug|Any CPU.ActiveCfg = Debug|Any CPU
		{F6A7B8C9-D0E1-2345-FABC-456789012345}.Debug|Any CPU.Build.0 = Debug|Any CPU
		{F6A7B8C9-D0E1-2345-FABC-456789012345}.Debug|x64.ActiveCfg = Debug|Any CPU
		{F6A7B8C9-D0E1-2345-FABC-456789012345}.Debug|x64.Build.0 = Debug|Any CPU
		{F6A7B8C9-D0E1-2345-FABC-456789012345}.Debug|x86.ActiveCfg = Debug|Any CPU
		{F6A7B8C9-D0E1-2345-FABC-456789012345}.Debug|x86.Build.0 = Debug|Any CPU
		{F6A7B8C9-D0E1-2345-FABC-456789012345}.Release|Any CPU.ActiveCfg = Release|Any CPU
		{F6A7B8C9-D0E1-2345-FABC-456789012345}.Release|Any CPU.Build.0 = Release|Any CPU
		{F6A7B8C9-D0E1-2345-FABC-456789012345}.Release|x64.ActiveCfg = Release|Any CPU
		{F6A7B8C9-D0E1-2345-FABC-456789012345}.Release|x64.Build.0 = Release|Any CPU
		{F6A7B8C9-D0E1-2345-FABC-456789012345}.Release|x86.ActiveCfg = Release|Any CPU
		{F6A7B8C9-D0E1-2345-FABC-456789012345}.Release|x86.Build.0 = Release|Any CPU
		{2E1BECDE-0397-42C3-AE7D-CFA09E1EB104}.Debug|Any CPU.ActiveCfg = Debug|Any CPU
		{2E1BECDE-0397-42C3-AE7D-CFA09E1EB104}.Debug|Any CPU.Build.0 = Debug|Any CPU
		{2E1BECDE-0397-42C3-AE7D-CFA09E1EB104}.Debug|x64.ActiveCfg = Debug|Any CPU
		{2E1BECDE-0397-42C3-AE7D-CFA09E1EB104}.Debug|x64.Build.0 = Debug|Any CPU
		{2E1BECDE-0397-42C3-AE7D-CFA09E1EB104}.Debug|x86.ActiveCfg = Debug|Any CPU
		{2E1BECDE-0397-42C3-AE7D-CFA09E1EB104}.Debug|x86.Build.0 = Debug|Any CPU
		{2E1BECDE-0397-42C3-AE7D-CFA09E1EB104}.Release|Any CPU.ActiveCfg = Release|Any CPU
		{2E1BECDE-0397-42C3-AE7D-CFA09E1EB104}.Release|Any CPU.Build.0 = Release|Any CPU
		{2E1BECDE-0397-42C3-AE7D-CFA09E1EB104}.Release|x64.ActiveCfg = Release|Any CPU
		{2E1BECDE-0397-42C3-AE7D-CFA09E1EB104}.Release|x64.Build.0 = Release|Any CPU
		{2E1BECDE-0397-42C3-AE7D-CFA09E1EB104}.Release|x86.ActiveCfg = Release|Any CPU
		{2E1BECDE-0397-42C3-AE7D-CFA09E1EB104}.Release|x86.Build.0 = Release|Any CPU
		{29A981BC-697D-4120-A955-A89CB064CD60}.Debug|Any CPU.ActiveCfg = Debug|Any CPU
		{29A981BC-697D-4120-A955-A89CB064CD60}.Debug|Any CPU.Build.0 = Debug|Any CPU
		{29A981BC-697D-4120-A955-A89CB064CD60}.Debug|x64.ActiveCfg = Debug|Any CPU
		{29A981BC-697D-4120-A955-A89CB064CD60}.Debug|x64.Build.0 = Debug|Any CPU
		{29A981BC-697D-4120-A955-A89CB064CD60}.Debug|x86.ActiveCfg = Debug|Any CPU
		{29A981BC-697D-4120-A955-A89CB064CD60}.Debug|x86.Build.0 = Debug|Any CPU
		{29A981BC-697D-4120-A955-A89CB064CD60}.Release|Any CPU.ActiveCfg = Release|Any CPU
		{29A981BC-697D-4120-A955-A89CB064CD60}.Release|Any CPU.Build.0 = Release|Any CPU
		{29A981BC-697D-4120-A955-A89CB064CD60}.Release|x64.ActiveCfg = Release|Any CPU
		{29A981BC-697D-4120-A955-A89CB064CD60}.Release|x64.Build.0 = Release|Any CPU
		{29A981BC-697D-4120-A955-A89CB064CD60}.Release|x86.ActiveCfg = Release|Any CPU
		{29A981BC-697D-4120-A955-A89CB064CD60}.Release|x86.Build.0 = Release|Any CPU
		{003B323A-6855-4534-A696-5C9E6893799D}.Debug|Any CPU.ActiveCfg = Debug|Any CPU
		{003B323A-6855-4534-A696-5C9E6893799D}.Debug|Any CPU.Build.0 = Debug|Any CPU
		{003B323A-6855-4534-A696-5C9E6893799D}.Debug|x64.ActiveCfg = Debug|Any CPU
		{003B323A-6855-4534-A696-5C9E6893799D}.Debug|x64.Build.0 = Debug|Any CPU
		{003B323A-6855-4534-A696-5C9E6893799D}.Debug|x86.ActiveCfg = Debug|Any CPU
		{003B323A-6855-4534-A696-5C9E6893799D}.Debug|x86.Build.0 = Debug|Any CPU
		{003B323A-6855-4534-A696-5C9E6893799D}.Release|Any CPU.ActiveCfg = Release|Any CPU
		{003B323A-6855-4534-A696-5C9E6893799D}.Release|Any CPU.Build.0 = Release|Any CPU
		{003B323A-6855-4534-A696-5C9E6893799D}.Release|x64.ActiveCfg = Release|Any CPU
		{003B323A-6855-4534-A696-5C9E6893799D}.Release|x64.Build.0 = Release|Any CPU
		{003B323A-6855-4534-A696-5C9E6893799D}.Release|x86.ActiveCfg = Release|Any CPU
		{003B323A-6855-4534-A696-5C9E6893799D}.Release|x86.Build.0 = Release|Any CPU
		{511D8BD0-AFC4-46F4-A351-4CB244A5EB46}.Debug|Any CPU.ActiveCfg = Debug|Any CPU
		{511D8BD0-AFC4-46F4-A351-4CB244A5EB46}.Debug|Any CPU.Build.0 = Debug|Any CPU
		{511D8BD0-AFC4-46F4-A351-4CB244A5EB46}.Debug|x64.ActiveCfg = Debug|Any CPU
		{511D8BD0-AFC4-46F4-A351-4CB244A5EB46}.Debug|x64.Build.0 = Debug|Any CPU
		{511D8BD0-AFC4-46F4-A351-4CB244A5EB46}.Debug|x86.ActiveCfg = Debug|Any CPU
		{511D8BD0-AFC4-46F4-A351-4CB244A5EB46}.Debug|x86.Build.0 = Debug|Any CPU
		{511D8BD0-AFC4-46F4-A351-4CB244A5EB46}.Release|Any CPU.ActiveCfg = Release|Any CPU
		{511D8BD0-AFC4-46F4-A351-4CB244A5EB46}.Release|Any CPU.Build.0 = Release|Any CPU
		{511D8BD0-AFC4-46F4-A351-4CB244A5EB46}.Release|x64.ActiveCfg = Release|Any CPU
		{511D8BD0-AFC4-46F4-A351-4CB244A5EB46}.Release|x64.Build.0 = Release|Any CPU
		{511D8BD0-AFC4-46F4-A351-4CB244A5EB46}.Release|x86.ActiveCfg = Release|Any CPU
		{511D8BD0-AFC4-46F4-A351-4CB244A5EB46}.Release|x86.Build.0 = Release|Any CPU
		{989AFAFF-40E3-41F2-ADF2-F011B1EBA7D9}.Debug|Any CPU.ActiveCfg = Debug|Any CPU
		{989AFAFF-40E3-41F2-ADF2-F011B1EBA7D9}.Debug|Any CPU.Build.0 = Debug|Any CPU
		{989AFAFF-40E3-41F2-ADF2-F011B1EBA7D9}.Debug|x64.ActiveCfg = Debug|Any CPU
		{989AFAFF-40E3-41F2-ADF2-F011B1EBA7D9}.Debug|x64.Build.0 = Debug|Any CPU
		{989AFAFF-40E3-41F2-ADF2-F011B1EBA7D9}.Debug|x86.ActiveCfg = Debug|Any CPU
		{989AFAFF-40E3-41F2-ADF2-F011B1EBA7D9}.Debug|x86.Build.0 = Debug|Any CPU
		{989AFAFF-40E3-41F2-ADF2-F011B1EBA7D9}.Release|Any CPU.ActiveCfg = Release|Any CPU
		{989AFAFF-40E3-41F2-ADF2-F011B1EBA7D9}.Release|Any CPU.Build.0 = Release|Any CPU
		{989AFAFF-40E3-41F2-ADF2-F011B1EBA7D9}.Release|x64.ActiveCfg = Release|Any CPU
		{989AFAFF-40E3-41F2-ADF2-F011B1EBA7D9}.Release|x64.Build.0 = Release|Any CPU
		{989AFAFF-40E3-41F2-ADF2-F011B1EBA7D9}.Release|x86.ActiveCfg = Release|Any CPU
		{989AFAFF-40E3-41F2-ADF2-F011B1EBA7D9}.Release|x86.Build.0 = Release|Any CPU
		{37FF6D97-9069-4578-A510-84EC8AEE1375}.Debug|Any CPU.ActiveCfg = Debug|Any CPU
		{37FF6D97-9069-4578-A510-84EC8AEE1375}.Debug|Any CPU.Build.0 = Debug|Any CPU
		{37FF6D97-9069-4578-A510-84EC8AEE1375}.Debug|x64.ActiveCfg = Debug|Any CPU
		{37FF6D97-9069-4578-A510-84EC8AEE1375}.Debug|x64.Build.0 = Debug|Any CPU
		{37FF6D97-9069-4578-A510-84EC8AEE1375}.Debug|x86.ActiveCfg = Debug|Any CPU
		{37FF6D97-9069-4578-A510-84EC8AEE1375}.Debug|x86.Build.0 = Debug|Any CPU
		{37FF6D97-9069-4578-A510-84EC8AEE1375}.Release|Any CPU.ActiveCfg = Release|Any CPU
		{37FF6D97-9069-4578-A510-84EC8AEE1375}.Release|Any CPU.Build.0 = Release|Any CPU
		{37FF6D97-9069-4578-A510-84EC8AEE1375}.Release|x64.ActiveCfg = Release|Any CPU
		{37FF6D97-9069-4578-A510-84EC8AEE1375}.Release|x64.Build.0 = Release|Any CPU
		{37FF6D97-9069-4578-A510-84EC8AEE1375}.Release|x86.ActiveCfg = Release|Any CPU
		{37FF6D97-9069-4578-A510-84EC8AEE1375}.Release|x86.Build.0 = Release|Any CPU
		{EE8A50E3-9CFC-473D-84BD-FE258E0F7F02}.Debug|Any CPU.ActiveCfg = Debug|Any CPU
		{EE8A50E3-9CFC-473D-84BD-FE258E0F7F02}.Debug|Any CPU.Build.0 = Debug|Any CPU
		{EE8A50E3-9CFC-473D-84BD-FE258E0F7F02}.Debug|x64.ActiveCfg = Debug|Any CPU
		{EE8A50E3-9CFC-473D-84BD-FE258E0F7F02}.Debug|x64.Build.0 = Debug|Any CPU
		{EE8A50E3-9CFC-473D-84BD-FE258E0F7F02}.Debug|x86.ActiveCfg = Debug|Any CPU
		{EE8A50E3-9CFC-473D-84BD-FE258E0F7F02}.Debug|x86.Build.0 = Debug|Any CPU
		{EE8A50E3-9CFC-473D-84BD-FE258E0F7F02}.Release|Any CPU.ActiveCfg = Release|Any CPU
		{EE8A50E3-9CFC-473D-84BD-FE258E0F7F02}.Release|Any CPU.Build.0 = Release|Any CPU
		{EE8A50E3-9CFC-473D-84BD-FE258E0F7F02}.Release|x64.ActiveCfg = Release|Any CPU
		{EE8A50E3-9CFC-473D-84BD-FE258E0F7F02}.Release|x64.Build.0 = Release|Any CPU
		{EE8A50E3-9CFC-473D-84BD-FE258E0F7F02}.Release|x86.ActiveCfg = Release|Any CPU
		{EE8A50E3-9CFC-473D-84BD-FE258E0F7F02}.Release|x86.Build.0 = Release|Any CPU
		{5486F7C3-181D-4BD1-96B1-812B1ABE5F64}.Debug|Any CPU.ActiveCfg = Debug|Any CPU
		{5486F7C3-181D-4BD1-96B1-812B1ABE5F64}.Debug|Any CPU.Build.0 = Debug|Any CPU
		{5486F7C3-181D-4BD1-96B1-812B1ABE5F64}.Debug|x64.ActiveCfg = Debug|Any CPU
		{5486F7C3-181D-4BD1-96B1-812B1ABE5F64}.Debug|x64.Build.0 = Debug|Any CPU
		{5486F7C3-181D-4BD1-96B1-812B1ABE5F64}.Debug|x86.ActiveCfg = Debug|Any CPU
		{5486F7C3-181D-4BD1-96B1-812B1ABE5F64}.Debug|x86.Build.0 = Debug|Any CPU
		{5486F7C3-181D-4BD1-96B1-812B1ABE5F64}.Release|Any CPU.ActiveCfg = Release|Any CPU
		{5486F7C3-181D-4BD1-96B1-812B1ABE5F64}.Release|Any CPU.Build.0 = Release|Any CPU
		{5486F7C3-181D-4BD1-96B1-812B1ABE5F64}.Release|x64.ActiveCfg = Release|Any CPU
		{5486F7C3-181D-4BD1-96B1-812B1ABE5F64}.Release|x64.Build.0 = Release|Any CPU
		{5486F7C3-181D-4BD1-96B1-812B1ABE5F64}.Release|x86.ActiveCfg = Release|Any CPU
		{5486F7C3-181D-4BD1-96B1-812B1ABE5F64}.Release|x86.Build.0 = Release|Any CPU
		{5DAB1616-26F7-49D8-91F8-3AB393B73D29}.Debug|Any CPU.ActiveCfg = Debug|Any CPU
		{5DAB1616-26F7-49D8-91F8-3AB393B73D29}.Debug|Any CPU.Build.0 = Debug|Any CPU
		{5DAB1616-26F7-49D8-91F8-3AB393B73D29}.Debug|x64.ActiveCfg = Debug|Any CPU
		{5DAB1616-26F7-49D8-91F8-3AB393B73D29}.Debug|x64.Build.0 = Debug|Any CPU
		{5DAB1616-26F7-49D8-91F8-3AB393B73D29}.Debug|x86.ActiveCfg = Debug|Any CPU
		{5DAB1616-26F7-49D8-91F8-3AB393B73D29}.Debug|x86.Build.0 = Debug|Any CPU
		{5DAB1616-26F7-49D8-91F8-3AB393B73D29}.Release|Any CPU.ActiveCfg = Release|Any CPU
		{5DAB1616-26F7-49D8-91F8-3AB393B73D29}.Release|Any CPU.Build.0 = Release|Any CPU
		{5DAB1616-26F7-49D8-91F8-3AB393B73D29}.Release|x64.ActiveCfg = Release|Any CPU
		{5DAB1616-26F7-49D8-91F8-3AB393B73D29}.Release|x64.Build.0 = Release|Any CPU
		{5DAB1616-26F7-49D8-91F8-3AB393B73D29}.Release|x86.ActiveCfg = Release|Any CPU
		{5DAB1616-26F7-49D8-91F8-3AB393B73D29}.Release|x86.Build.0 = Release|Any CPU
	EndGlobalSection
	GlobalSection(SolutionProperties) = preSolution
		HideSolutionNode = FALSE
	EndGlobalSection
	GlobalSection(NestedProjects) = preSolution
		{2E1BECDE-0397-42C3-AE7D-CFA09E1EB104} = {0AB3BF05-4346-4AA6-1389-037BE0695223}
		{29A981BC-697D-4120-A955-A89CB064CD60} = {0AB3BF05-4346-4AA6-1389-037BE0695223}
		{003B323A-6855-4534-A696-5C9E6893799D} = {827E0CD3-B72D-47B6-A68D-7590B98EB39B}
		{511D8BD0-AFC4-46F4-A351-4CB244A5EB46} = {827E0CD3-B72D-47B6-A68D-7590B98EB39B}
		{989AFAFF-40E3-41F2-ADF2-F011B1EBA7D9} = {827E0CD3-B72D-47B6-A68D-7590B98EB39B}
		{37FF6D97-9069-4578-A510-84EC8AEE1375} = {827E0CD3-B72D-47B6-A68D-7590B98EB39B}
		{EE8A50E3-9CFC-473D-84BD-FE258E0F7F02} = {0AB3BF05-4346-4AA6-1389-037BE0695223}
		{5486F7C3-181D-4BD1-96B1-812B1ABE5F64} = {0AB3BF05-4346-4AA6-1389-037BE0695223}
		{5DAB1616-26F7-49D8-91F8-3AB393B73D29} = {0AB3BF05-4346-4AA6-1389-037BE0695223}
	EndGlobalSection
	GlobalSection(ExtensibilityGlobals) = postSolution
		SolutionGuid = {107CCA9C-EBA2-4CDE-94F4-184B6338A2A9}
	EndGlobalSection
EndGlobal
